
Microsoft Visual Studio Solution File, Format Version 12.00
# Visual Studio Version 17
VisualStudioVersion = 17.9.34723.18
MinimumVisualStudioVersion = 10.0.40219.1
Project("{FAE04EC0-301F-11D3-BF4B-00C04F79EFBC}") = "AppPeluqueriaMVC", "AppPeluqueriaMVC\AppPeluqueriaMVC.csproj", "{AB0C0515-5F02-4C82-8E1A-39D1CE318279}"
EndProject
Global
	GlobalSection(SolutionConfigurationPlatforms) = preSolution
		Debug|Any CPU = Debug|Any CPU
		Release|Any CPU = Release|Any CPU
	EndGlobalSection
	GlobalSection(ProjectConfigurationPlatforms) = postSolution
		{AB0C0515-5F02-4C82-8E1A-39D1CE318279}.Debug|Any CPU.ActiveCfg = Debug|Any CPU
		{AB0C0515-5F02-4C82-8E1A-39D1CE318279}.Debug|Any CPU.Build.0 = Debug|Any CPU
		{AB0C0515-5F02-4C82-8E1A-39D1CE318279}.Release|Any CPU.ActiveCfg = Release|Any CPU
		{AB0C0515-5F02-4C82-8E1A-39D1CE318279}.Release|Any CPU.Build.0 = Release|Any CPU
	EndGlobalSection
	GlobalSection(SolutionProperties) = preSolution
		HideSolutionNode = FALSE
	EndGlobalSection
	GlobalSection(ExtensibilityGlobals) = postSolution
		SolutionGuid = {8991B807-C22A-4E47-ADC6-DAC2A36C3FCC}
	EndGlobalSection
EndGlobal
